
Microsoft Visual Studio Solution File, Format Version 12.00
# Visual Studio Version 17
VisualStudioVersion = 17.1.32414.318
MinimumVisualStudioVersion = 10.0.40219.1
Project("{FAE04EC0-301F-11D3-BF4B-00C04F79EFBC}") = "UniHacker", "UniHacker.csproj", "{4159F808-8E35-4A2D-B3B7-644D83F572C2}"
EndProject
Global
	GlobalSection(SolutionConfigurationPlatforms) = preSolution
		Debug|Any CPU = Debug|Any CPU
		Release|Any CPU = Release|Any CPU
	EndGlobalSection
	GlobalSection(ProjectConfigurationPlatforms) = postSolution
		{4159F808-8E35-4A2D-B3B7-644D83F572C2}.Debug|Any CPU.ActiveCfg = Debug|Any CPU
		{4159F808-8E35-4A2D-B3B7-644D83F572C2}.Debug|Any CPU.Build.0 = Debug|Any CPU
		{4159F808-8E35-4A2D-B3B7-644D83F572C2}.Release|Any CPU.ActiveCfg = Release|Any CPU
		{4159F808-8E35-4A2D-B3B7-644D83F572C2}.Release|Any CPU.Build.0 = Release|Any CPU
	EndGlobalSection
	GlobalSection(SolutionProperties) = preSolution
		HideSolutionNode = FALSE
	EndGlobalSection
	GlobalSection(ExtensibilityGlobals) = postSolution
		SolutionGuid = {9006757C-E9C7-4A25-9C42-CB7EC3F477C7}
	EndGlobalSection
EndGlobal
